
Microsoft Visual Studio Solution File, Format Version 12.00
# Visual Studio 15
VisualStudioVersion = 15.0.28307.168
MinimumVisualStudioVersion = 10.0.40219.1
Project("{9A19103F-16F7-4668-BE54-9A1E7A4F7556}") = "Andromeda.DataBuilder", "src\Andromeda.DataBuilder\Andromeda.DataBuilder.csproj", "{1B4633B7-5D4D-471E-9F88-1FA3809C13A8}"
EndProject
Project("{2150E333-8FDC-42A3-9474-1A3956D46DE8}") = "src", "src", "{772AF7E7-8D4E-42F7-9844-C516A3D51A20}"
EndProject
Project("{FAE04EC0-301F-11D3-BF4B-00C04F79EFBC}") = "Andromeda.Data.Parsing", "src\Andromeda.Data.Parsing\Andromeda.Data.Parsing.csproj", "{37FEB743-B72A-44E2-A4AC-3F65D5D4BC33}"
EndProject
Global
	GlobalSection(SolutionConfigurationPlatforms) = preSolution
		Debug|Any CPU = Debug|Any CPU
		Release|Any CPU = Release|Any CPU
	EndGlobalSection
	GlobalSection(ProjectConfigurationPlatforms) = postSolution
		{1B4633B7-5D4D-471E-9F88-1FA3809C13A8}.Debug|Any CPU.ActiveCfg = Debug|Any CPU
		{1B4633B7-5D4D-471E-9F88-1FA3809C13A8}.Debug|Any CPU.Build.0 = Debug|Any CPU
		{1B4633B7-5D4D-471E-9F88-1FA3809C13A8}.Release|Any CPU.ActiveCfg = Release|Any CPU
		{1B4633B7-5D4D-471E-9F88-1FA3809C13A8}.Release|Any CPU.Build.0 = Release|Any CPU
		{37FEB743-B72A-44E2-A4AC-3F65D5D4BC33}.Debug|Any CPU.ActiveCfg = Debug|Any CPU
		{37FEB743-B72A-44E2-A4AC-3F65D5D4BC33}.Debug|Any CPU.Build.0 = Debug|Any CPU
		{37FEB743-B72A-44E2-A4AC-3F65D5D4BC33}.Release|Any CPU.ActiveCfg = Release|Any CPU
		{37FEB743-B72A-44E2-A4AC-3F65D5D4BC33}.Release|Any CPU.Build.0 = Release|Any CPU
	EndGlobalSection
	GlobalSection(SolutionProperties) = preSolution
		HideSolutionNode = FALSE
	EndGlobalSection
	GlobalSection(NestedProjects) = preSolution
		{1B4633B7-5D4D-471E-9F88-1FA3809C13A8} = {772AF7E7-8D4E-42F7-9844-C516A3D51A20}
		{37FEB743-B72A-44E2-A4AC-3F65D5D4BC33} = {772AF7E7-8D4E-42F7-9844-C516A3D51A20}
	EndGlobalSection
	GlobalSection(ExtensibilityGlobals) = postSolution
		SolutionGuid = {3E258D27-DCD9-415F-9713-D8DD962505EF}
	EndGlobalSection
EndGlobal
